
Microsoft Visual Studio Solution File, Format Version 12.00
# Visual Studio Version 17
VisualStudioVersion = 17.0.31903.59
MinimumVisualStudioVersion = 10.0.40219.1
Project("{8BC9CEB8-8B4A-11D0-8D11-00A0C91BC942}") = "ebpf_extension_common_km", "sys\ebpf_extension_common_km.vcxproj", "{A9C1C11D-8B8E-4F3A-9D5C-6E7F8B9A0C1D}"
EndProject
Project("{8BC9CEB8-8B4A-11D0-8D11-00A0C91BC942}") = "ebpf_extension_common_um", "user\ebpf_extension_common_um.vcxproj", "{B2D3E12F-9C7A-4E5B-8F6D-7A8C9B0D1E2F}"
EndProject
Project("{8BC9CEB8-8B4A-11D0-8D11-00A0C91BC942}") = "ebpf_ext_rundown_test", "tests\ebpf_ext_rundown_test.vcxproj", "{D4E5F6A7-1B2C-3D4E-5F6A-7B8C9D0E1F2A}"
EndProject
Project("{8BC9CEB8-8B4A-11D0-8D11-00A0C91BC942}") = "usersim", "external\usersim\src\usersim.vcxproj", "{030A7AC6-14DC-45CF-AF34-891057AB1402}"
EndProject
Project("{8BC9CEB8-8B4A-11D0-8D11-00A0C91BC942}") = "cxplat_winuser", "external\usersim\cxplat\src\cxplat_winuser\cxplat_winuser.vcxproj", "{F2CA70AB-AF9A-47D1-9DA9-94D5AB573AC2}"
EndProject
Project("{8BC9CEB8-8B4A-11D0-8D11-00A0C91BC942}") = "Catch2", "external\Catch2\build\src\Catch2.vcxproj", "{8D538CBE-01BF-4A2E-A98A-6C368FDF13D7}"
EndProject
Project("{8BC9CEB8-8B4A-11D0-8D11-00A0C91BC942}") = "Catch2WithMain", "external\Catch2\build\src\Catch2WithMain.vcxproj", "{8BD3552A-2CFB-4A59-AB15-2031B97ADA1E}"
EndProject
Global
	GlobalSection(SolutionConfigurationPlatforms) = preSolution
		Debug|ARM64 = Debug|ARM64
		Debug|x64 = Debug|x64
		Debug|x86 = Debug|x86
		FuzzerDebug|ARM64 = FuzzerDebug|ARM64
		FuzzerDebug|x64 = FuzzerDebug|x64
		FuzzerDebug|x86 = FuzzerDebug|x86
		MinSizeRel|ARM64 = MinSizeRel|ARM64
		MinSizeRel|x64 = MinSizeRel|x64
		MinSizeRel|x86 = MinSizeRel|x86
		NativeOnlyDebug|ARM64 = NativeOnlyDebug|ARM64
		NativeOnlyDebug|x64 = NativeOnlyDebug|x64
		NativeOnlyDebug|x86 = NativeOnlyDebug|x86
		NativeOnlyRelease|ARM64 = NativeOnlyRelease|ARM64
		NativeOnlyRelease|x64 = NativeOnlyRelease|x64
		NativeOnlyRelease|x86 = NativeOnlyRelease|x86
		Release|ARM64 = Release|ARM64
		Release|x64 = Release|x64
		Release|x86 = Release|x86
		RelWithDebInfo|ARM64 = RelWithDebInfo|ARM64
		RelWithDebInfo|x64 = RelWithDebInfo|x64
		RelWithDebInfo|x86 = RelWithDebInfo|x86
	EndGlobalSection
	GlobalSection(ProjectConfigurationPlatforms) = postSolution
		{A9C1C11D-8B8E-4F3A-9D5C-6E7F8B9A0C1D}.Debug|ARM64.ActiveCfg = Debug|ARM64
		{A9C1C11D-8B8E-4F3A-9D5C-6E7F8B9A0C1D}.Debug|ARM64.Build.0 = Debug|ARM64
		{A9C1C11D-8B8E-4F3A-9D5C-6E7F8B9A0C1D}.Debug|x64.ActiveCfg = Debug|x64
		{A9C1C11D-8B8E-4F3A-9D5C-6E7F8B9A0C1D}.Debug|x64.Build.0 = Debug|x64
		{A9C1C11D-8B8E-4F3A-9D5C-6E7F8B9A0C1D}.Debug|x86.ActiveCfg = Debug|x64
		{A9C1C11D-8B8E-4F3A-9D5C-6E7F8B9A0C1D}.FuzzerDebug|ARM64.ActiveCfg = Debug|ARM64
		{A9C1C11D-8B8E-4F3A-9D5C-6E7F8B9A0C1D}.FuzzerDebug|x64.ActiveCfg = Debug|x64
		{A9C1C11D-8B8E-4F3A-9D5C-6E7F8B9A0C1D}.FuzzerDebug|x86.ActiveCfg = Debug|x64
		{A9C1C11D-8B8E-4F3A-9D5C-6E7F8B9A0C1D}.MinSizeRel|ARM64.ActiveCfg = Release|ARM64
		{A9C1C11D-8B8E-4F3A-9D5C-6E7F8B9A0C1D}.MinSizeRel|x64.ActiveCfg = Release|x64
		{A9C1C11D-8B8E-4F3A-9D5C-6E7F8B9A0C1D}.MinSizeRel|x86.ActiveCfg = Release|x64
		{A9C1C11D-8B8E-4F3A-9D5C-6E7F8B9A0C1D}.NativeOnlyDebug|ARM64.ActiveCfg = NativeOnlyDebug|ARM64
		{A9C1C11D-8B8E-4F3A-9D5C-6E7F8B9A0C1D}.NativeOnlyDebug|ARM64.Build.0 = NativeOnlyDebug|ARM64
		{A9C1C11D-8B8E-4F3A-9D5C-6E7F8B9A0C1D}.NativeOnlyDebug|x64.ActiveCfg = NativeOnlyDebug|x64
		{A9C1C11D-8B8E-4F3A-9D5C-6E7F8B9A0C1D}.NativeOnlyDebug|x64.Build.0 = NativeOnlyDebug|x64
		{A9C1C11D-8B8E-4F3A-9D5C-6E7F8B9A0C1D}.NativeOnlyDebug|x86.ActiveCfg = NativeOnlyDebug|x64
		{A9C1C11D-8B8E-4F3A-9D5C-6E7F8B9A0C1D}.NativeOnlyRelease|ARM64.ActiveCfg = NativeOnlyRelease|ARM64
		{A9C1C11D-8B8E-4F3A-9D5C-6E7F8B9A0C1D}.NativeOnlyRelease|ARM64.Build.0 = NativeOnlyRelease|ARM64
		{A9C1C11D-8B8E-4F3A-9D5C-6E7F8B9A0C1D}.NativeOnlyRelease|x64.ActiveCfg = NativeOnlyRelease|x64
		{A9C1C11D-8B8E-4F3A-9D5C-6E7F8B9A0C1D}.NativeOnlyRelease|x64.Build.0 = NativeOnlyRelease|x64
		{A9C1C11D-8B8E-4F3A-9D5C-6E7F8B9A0C1D}.NativeOnlyRelease|x86.ActiveCfg = NativeOnlyRelease|x64
		{A9C1C11D-8B8E-4F3A-9D5C-6E7F8B9A0C1D}.Release|ARM64.ActiveCfg = Release|ARM64
		{A9C1C11D-8B8E-4F3A-9D5C-6E7F8B9A0C1D}.Release|ARM64.Build.0 = Release|ARM64
		{A9C1C11D-8B8E-4F3A-9D5C-6E7F8B9A0C1D}.Release|x64.ActiveCfg = Release|x64
		{A9C1C11D-8B8E-4F3A-9D5C-6E7F8B9A0C1D}.Release|x64.Build.0 = Release|x64
		{A9C1C11D-8B8E-4F3A-9D5C-6E7F8B9A0C1D}.Release|x86.ActiveCfg = Release|x64
		{A9C1C11D-8B8E-4F3A-9D5C-6E7F8B9A0C1D}.RelWithDebInfo|ARM64.ActiveCfg = Release|ARM64
		{A9C1C11D-8B8E-4F3A-9D5C-6E7F8B9A0C1D}.RelWithDebInfo|x64.ActiveCfg = Release|x64
		{A9C1C11D-8B8E-4F3A-9D5C-6E7F8B9A0C1D}.RelWithDebInfo|x86.ActiveCfg = Release|x64
		{B2D3E12F-9C7A-4E5B-8F6D-7A8C9B0D1E2F}.Debug|ARM64.ActiveCfg = Debug|ARM64
		{B2D3E12F-9C7A-4E5B-8F6D-7A8C9B0D1E2F}.Debug|ARM64.Build.0 = Debug|ARM64
		{B2D3E12F-9C7A-4E5B-8F6D-7A8C9B0D1E2F}.Debug|x64.ActiveCfg = Debug|x64
		{B2D3E12F-9C7A-4E5B-8F6D-7A8C9B0D1E2F}.Debug|x64.Build.0 = Debug|x64
		{B2D3E12F-9C7A-4E5B-8F6D-7A8C9B0D1E2F}.Debug|x86.ActiveCfg = Debug|x64
		{B2D3E12F-9C7A-4E5B-8F6D-7A8C9B0D1E2F}.FuzzerDebug|ARM64.ActiveCfg = FuzzerDebug|ARM64
		{B2D3E12F-9C7A-4E5B-8F6D-7A8C9B0D1E2F}.FuzzerDebug|ARM64.Build.0 = FuzzerDebug|ARM64
		{B2D3E12F-9C7A-4E5B-8F6D-7A8C9B0D1E2F}.FuzzerDebug|x64.ActiveCfg = FuzzerDebug|x64
		{B2D3E12F-9C7A-4E5B-8F6D-7A8C9B0D1E2F}.FuzzerDebug|x64.Build.0 = FuzzerDebug|x64
		{B2D3E12F-9C7A-4E5B-8F6D-7A8C9B0D1E2F}.FuzzerDebug|x86.ActiveCfg = FuzzerDebug|x64
		{B2D3E12F-9C7A-4E5B-8F6D-7A8C9B0D1E2F}.MinSizeRel|ARM64.ActiveCfg = Release|ARM64
		{B2D3E12F-9C7A-4E5B-8F6D-7A8C9B0D1E2F}.MinSizeRel|x64.ActiveCfg = Release|x64
		{B2D3E12F-9C7A-4E5B-8F6D-7A8C9B0D1E2F}.MinSizeRel|x86.ActiveCfg = Release|x64
		{B2D3E12F-9C7A-4E5B-8F6D-7A8C9B0D1E2F}.NativeOnlyDebug|ARM64.ActiveCfg = Debug|ARM64
		{B2D3E12F-9C7A-4E5B-8F6D-7A8C9B0D1E2F}.NativeOnlyDebug|x64.ActiveCfg = Debug|x64
		{B2D3E12F-9C7A-4E5B-8F6D-7A8C9B0D1E2F}.NativeOnlyDebug|x86.ActiveCfg = Debug|x64
		{B2D3E12F-9C7A-4E5B-8F6D-7A8C9B0D1E2F}.NativeOnlyRelease|ARM64.ActiveCfg = Release|ARM64
		{B2D3E12F-9C7A-4E5B-8F6D-7A8C9B0D1E2F}.NativeOnlyRelease|x64.ActiveCfg = Release|x64
		{B2D3E12F-9C7A-4E5B-8F6D-7A8C9B0D1E2F}.NativeOnlyRelease|x86.ActiveCfg = Release|x64
		{B2D3E12F-9C7A-4E5B-8F6D-7A8C9B0D1E2F}.Release|ARM64.ActiveCfg = Release|ARM64
		{B2D3E12F-9C7A-4E5B-8F6D-7A8C9B0D1E2F}.Release|ARM64.Build.0 = Release|ARM64
		{B2D3E12F-9C7A-4E5B-8F6D-7A8C9B0D1E2F}.Release|x64.ActiveCfg = Release|x64
		{B2D3E12F-9C7A-4E5B-8F6D-7A8C9B0D1E2F}.Release|x64.Build.0 = Release|x64
		{B2D3E12F-9C7A-4E5B-8F6D-7A8C9B0D1E2F}.Release|x86.ActiveCfg = Release|x64
		{B2D3E12F-9C7A-4E5B-8F6D-7A8C9B0D1E2F}.RelWithDebInfo|ARM64.ActiveCfg = Release|ARM64
		{B2D3E12F-9C7A-4E5B-8F6D-7A8C9B0D1E2F}.RelWithDebInfo|x64.ActiveCfg = Release|x64
		{B2D3E12F-9C7A-4E5B-8F6D-7A8C9B0D1E2F}.RelWithDebInfo|x86.ActiveCfg = Release|x64
		{D4E5F6A7-1B2C-3D4E-5F6A-7B8C9D0E1F2A}.Debug|ARM64.ActiveCfg = Debug|ARM64
		{D4E5F6A7-1B2C-3D4E-5F6A-7B8C9D0E1F2A}.Debug|ARM64.Build.0 = Debug|ARM64
		{D4E5F6A7-1B2C-3D4E-5F6A-7B8C9D0E1F2A}.Debug|x64.ActiveCfg = Debug|x64
		{D4E5F6A7-1B2C-3D4E-5F6A-7B8C9D0E1F2A}.Debug|x64.Build.0 = Debug|x64
		{D4E5F6A7-1B2C-3D4E-5F6A-7B8C9D0E1F2A}.Debug|x86.ActiveCfg = Debug|x64
		{D4E5F6A7-1B2C-3D4E-5F6A-7B8C9D0E1F2A}.FuzzerDebug|ARM64.ActiveCfg = Debug|ARM64
		{D4E5F6A7-1B2C-3D4E-5F6A-7B8C9D0E1F2A}.FuzzerDebug|x64.ActiveCfg = Debug|x64
		{D4E5F6A7-1B2C-3D4E-5F6A-7B8C9D0E1F2A}.FuzzerDebug|x86.ActiveCfg = Debug|x64
		{D4E5F6A7-1B2C-3D4E-5F6A-7B8C9D0E1F2A}.MinSizeRel|ARM64.ActiveCfg = Release|ARM64
		{D4E5F6A7-1B2C-3D4E-5F6A-7B8C9D0E1F2A}.MinSizeRel|x64.ActiveCfg = Release|x64
		{D4E5F6A7-1B2C-3D4E-5F6A-7B8C9D0E1F2A}.MinSizeRel|x86.ActiveCfg = Release|x64
		{D4E5F6A7-1B2C-3D4E-5F6A-7B8C9D0E1F2A}.NativeOnlyDebug|ARM64.ActiveCfg = Debug|ARM64
		{D4E5F6A7-1B2C-3D4E-5F6A-7B8C9D0E1F2A}.NativeOnlyDebug|x64.ActiveCfg = Debug|x64
		{D4E5F6A7-1B2C-3D4E-5F6A-7B8C9D0E1F2A}.NativeOnlyDebug|x86.ActiveCfg = Debug|x64
		{D4E5F6A7-1B2C-3D4E-5F6A-7B8C9D0E1F2A}.NativeOnlyRelease|ARM64.ActiveCfg = Release|ARM64
		{D4E5F6A7-1B2C-3D4E-5F6A-7B8C9D0E1F2A}.NativeOnlyRelease|x64.ActiveCfg = Release|x64
		{D4E5F6A7-1B2C-3D4E-5F6A-7B8C9D0E1F2A}.NativeOnlyRelease|x86.ActiveCfg = Release|x64
		{D4E5F6A7-1B2C-3D4E-5F6A-7B8C9D0E1F2A}.Release|ARM64.ActiveCfg = Release|ARM64
		{D4E5F6A7-1B2C-3D4E-5F6A-7B8C9D0E1F2A}.Release|ARM64.Build.0 = Release|ARM64
		{D4E5F6A7-1B2C-3D4E-5F6A-7B8C9D0E1F2A}.Release|x64.ActiveCfg = Release|x64
		{D4E5F6A7-1B2C-3D4E-5F6A-7B8C9D0E1F2A}.Release|x64.Build.0 = Release|x64
		{D4E5F6A7-1B2C-3D4E-5F6A-7B8C9D0E1F2A}.Release|x86.ActiveCfg = Release|x64
		{D4E5F6A7-1B2C-3D4E-5F6A-7B8C9D0E1F2A}.RelWithDebInfo|ARM64.ActiveCfg = Release|ARM64
		{D4E5F6A7-1B2C-3D4E-5F6A-7B8C9D0E1F2A}.RelWithDebInfo|x64.ActiveCfg = Release|x64
		{D4E5F6A7-1B2C-3D4E-5F6A-7B8C9D0E1F2A}.RelWithDebInfo|x86.ActiveCfg = Release|x64
		{030A7AC6-14DC-45CF-AF34-891057AB1402}.Debug|ARM64.ActiveCfg = Debug|ARM64
		{030A7AC6-14DC-45CF-AF34-891057AB1402}.Debug|ARM64.Build.0 = Debug|ARM64
		{030A7AC6-14DC-45CF-AF34-891057AB1402}.Debug|x64.ActiveCfg = Debug|x64
		{030A7AC6-14DC-45CF-AF34-891057AB1402}.Debug|x64.Build.0 = Debug|x64
		{030A7AC6-14DC-45CF-AF34-891057AB1402}.Debug|x86.ActiveCfg = Debug|Win32
		{030A7AC6-14DC-45CF-AF34-891057AB1402}.Debug|x86.Build.0 = Debug|Win32
		{030A7AC6-14DC-45CF-AF34-891057AB1402}.FuzzerDebug|ARM64.ActiveCfg = FuzzerDebug|ARM64
		{030A7AC6-14DC-45CF-AF34-891057AB1402}.FuzzerDebug|ARM64.Build.0 = FuzzerDebug|ARM64
		{030A7AC6-14DC-45CF-AF34-891057AB1402}.FuzzerDebug|x64.ActiveCfg = FuzzerDebug|x64
		{030A7AC6-14DC-45CF-AF34-891057AB1402}.FuzzerDebug|x64.Build.0 = FuzzerDebug|x64
		{030A7AC6-14DC-45CF-AF34-891057AB1402}.FuzzerDebug|x86.ActiveCfg = FuzzerDebug|Win32
		{030A7AC6-14DC-45CF-AF34-891057AB1402}.FuzzerDebug|x86.Build.0 = FuzzerDebug|Win32
		{030A7AC6-14DC-45CF-AF34-891057AB1402}.MinSizeRel|ARM64.ActiveCfg = MinSizeRel|ARM64
		{030A7AC6-14DC-45CF-AF34-891057AB1402}.MinSizeRel|ARM64.Build.0 = MinSizeRel|ARM64
		{030A7AC6-14DC-45CF-AF34-891057AB1402}.MinSizeRel|x64.ActiveCfg = MinSizeRel|x64
		{030A7AC6-14DC-45CF-AF34-891057AB1402}.MinSizeRel|x64.Build.0 = MinSizeRel|x64
		{030A7AC6-14DC-45CF-AF34-891057AB1402}.MinSizeRel|x86.ActiveCfg = MinSizeRel|Win32
		{030A7AC6-14DC-45CF-AF34-891057AB1402}.MinSizeRel|x86.Build.0 = MinSizeRel|Win32
		{030A7AC6-14DC-45CF-AF34-891057AB1402}.NativeOnlyDebug|ARM64.ActiveCfg = Debug|ARM64
		{030A7AC6-14DC-45CF-AF34-891057AB1402}.NativeOnlyDebug|ARM64.Build.0 = Debug|ARM64
		{030A7AC6-14DC-45CF-AF34-891057AB1402}.NativeOnlyDebug|x64.ActiveCfg = Debug|x64
		{030A7AC6-14DC-45CF-AF34-891057AB1402}.NativeOnlyDebug|x64.Build.0 = Debug|x64
		{030A7AC6-14DC-45CF-AF34-891057AB1402}.NativeOnlyDebug|x86.ActiveCfg = Debug|Win32
		{030A7AC6-14DC-45CF-AF34-891057AB1402}.NativeOnlyDebug|x86.Build.0 = Debug|Win32
		{030A7AC6-14DC-45CF-AF34-891057AB1402}.NativeOnlyRelease|ARM64.ActiveCfg = Release|ARM64
		{030A7AC6-14DC-45CF-AF34-891057AB1402}.NativeOnlyRelease|ARM64.Build.0 = Release|ARM64
		{030A7AC6-14DC-45CF-AF34-891057AB1402}.NativeOnlyRelease|x64.ActiveCfg = Release|x64
		{030A7AC6-14DC-45CF-AF34-891057AB1402}.NativeOnlyRelease|x64.Build.0 = Release|x64
		{030A7AC6-14DC-45CF-AF34-891057AB1402}.NativeOnlyRelease|x86.ActiveCfg = Release|Win32
		{030A7AC6-14DC-45CF-AF34-891057AB1402}.NativeOnlyRelease|x86.Build.0 = Release|Win32
		{030A7AC6-14DC-45CF-AF34-891057AB1402}.Release|ARM64.ActiveCfg = Release|ARM64
		{030A7AC6-14DC-45CF-AF34-891057AB1402}.Release|ARM64.Build.0 = Release|ARM64
		{030A7AC6-14DC-45CF-AF34-891057AB1402}.Release|x64.ActiveCfg = Release|x64
		{030A7AC6-14DC-45CF-AF34-891057AB1402}.Release|x64.Build.0 = Release|x64
		{030A7AC6-14DC-45CF-AF34-891057AB1402}.Release|x86.ActiveCfg = Release|Win32
		{030A7AC6-14DC-45CF-AF34-891057AB1402}.Release|x86.Build.0 = Release|Win32
		{030A7AC6-14DC-45CF-AF34-891057AB1402}.RelWithDebInfo|ARM64.ActiveCfg = RelWithDebInfo|ARM64
		{030A7AC6-14DC-45CF-AF34-891057AB1402}.RelWithDebInfo|ARM64.Build.0 = RelWithDebInfo|ARM64
		{030A7AC6-14DC-45CF-AF34-891057AB1402}.RelWithDebInfo|x64.ActiveCfg = RelWithDebInfo|x64
		{030A7AC6-14DC-45CF-AF34-891057AB1402}.RelWithDebInfo|x64.Build.0 = RelWithDebInfo|x64
		{030A7AC6-14DC-45CF-AF34-891057AB1402}.RelWithDebInfo|x86.ActiveCfg = RelWithDebInfo|Win32
		{030A7AC6-14DC-45CF-AF34-891057AB1402}.RelWithDebInfo|x86.Build.0 = RelWithDebInfo|Win32
		{F2CA70AB-AF9A-47D1-9DA9-94D5AB573AC2}.Debug|ARM64.ActiveCfg = Debug|ARM64
		{F2CA70AB-AF9A-47D1-9DA9-94D5AB573AC2}.Debug|ARM64.Build.0 = Debug|ARM64
		{F2CA70AB-AF9A-47D1-9DA9-94D5AB573AC2}.Debug|x64.ActiveCfg = Debug|x64
		{F2CA70AB-AF9A-47D1-9DA9-94D5AB573AC2}.Debug|x64.Build.0 = Debug|x64
		{F2CA70AB-AF9A-47D1-9DA9-94D5AB573AC2}.Debug|x86.ActiveCfg = Debug|Win32
		{F2CA70AB-AF9A-47D1-9DA9-94D5AB573AC2}.Debug|x86.Build.0 = Debug|Win32
		{F2CA70AB-AF9A-47D1-9DA9-94D5AB573AC2}.FuzzerDebug|ARM64.ActiveCfg = Debug|ARM64
		{F2CA70AB-AF9A-47D1-9DA9-94D5AB573AC2}.FuzzerDebug|ARM64.Build.0 = Debug|ARM64
		{F2CA70AB-AF9A-47D1-9DA9-94D5AB573AC2}.FuzzerDebug|x64.ActiveCfg = Debug|x64
		{F2CA70AB-AF9A-47D1-9DA9-94D5AB573AC2}.FuzzerDebug|x64.Build.0 = Debug|x64
		{F2CA70AB-AF9A-47D1-9DA9-94D5AB573AC2}.FuzzerDebug|x86.ActiveCfg = Debug|Win32
		{F2CA70AB-AF9A-47D1-9DA9-94D5AB573AC2}.FuzzerDebug|x86.Build.0 = Debug|Win32
		{F2CA70AB-AF9A-47D1-9DA9-94D5AB573AC2}.MinSizeRel|ARM64.ActiveCfg = Release|ARM64
		{F2CA70AB-AF9A-47D1-9DA9-94D5AB573AC2}.MinSizeRel|x64.ActiveCfg = Release|x64
		{F2CA70AB-AF9A-47D1-9DA9-94D5AB573AC2}.MinSizeRel|x86.ActiveCfg = Release|Win32
		{F2CA70AB-AF9A-47D1-9DA9-94D5AB573AC2}.NativeOnlyDebug|ARM64.ActiveCfg = Debug|ARM64
		{F2CA70AB-AF9A-47D1-9DA9-94D5AB573AC2}.NativeOnlyDebug|ARM64.Build.0 = Debug|ARM64
		{F2CA70AB-AF9A-47D1-9DA9-94D5AB573AC2}.NativeOnlyDebug|x64.ActiveCfg = Debug|x64
		{F2CA70AB-AF9A-47D1-9DA9-94D5AB573AC2}.NativeOnlyDebug|x64.Build.0 = Debug|x64
		{F2CA70AB-AF9A-47D1-9DA9-94D5AB573AC2}.NativeOnlyDebug|x86.ActiveCfg = Debug|Win32
		{F2CA70AB-AF9A-47D1-9DA9-94D5AB573AC2}.NativeOnlyDebug|x86.Build.0 = Debug|Win32
		{F2CA70AB-AF9A-47D1-9DA9-94D5AB573AC2}.NativeOnlyRelease|ARM64.ActiveCfg = Release|ARM64
		{F2CA70AB-AF9A-47D1-9DA9-94D5AB573AC2}.NativeOnlyRelease|ARM64.Build.0 = Release|ARM64
		{F2CA70AB-AF9A-47D1-9DA9-94D5AB573AC2}.NativeOnlyRelease|x64.ActiveCfg = Release|x64
		{F2CA70AB-AF9A-47D1-9DA9-94D5AB573AC2}.NativeOnlyRelease|x64.Build.0 = Release|x64
		{F2CA70AB-AF9A-47D1-9DA9-94D5AB573AC2}.NativeOnlyRelease|x86.ActiveCfg = Release|Win32
		{F2CA70AB-AF9A-47D1-9DA9-94D5AB573AC2}.NativeOnlyRelease|x86.Build.0 = Release|Win32
		{F2CA70AB-AF9A-47D1-9DA9-94D5AB573AC2}.Release|ARM64.ActiveCfg = Release|ARM64
		{F2CA70AB-AF9A-47D1-9DA9-94D5AB573AC2}.Release|ARM64.Build.0 = Release|ARM64
		{F2CA70AB-AF9A-47D1-9DA9-94D5AB573AC2}.Release|x64.ActiveCfg = Release|x64
		{F2CA70AB-AF9A-47D1-9DA9-94D5AB573AC2}.Release|x64.Build.0 = Release|x64
		{F2CA70AB-AF9A-47D1-9DA9-94D5AB573AC2}.Release|x86.ActiveCfg = Release|Win32
		{F2CA70AB-AF9A-47D1-9DA9-94D5AB573AC2}.Release|x86.Build.0 = Release|Win32
		{F2CA70AB-AF9A-47D1-9DA9-94D5AB573AC2}.RelWithDebInfo|ARM64.ActiveCfg = Release|ARM64
		{F2CA70AB-AF9A-47D1-9DA9-94D5AB573AC2}.RelWithDebInfo|x64.ActiveCfg = Release|x64
		{F2CA70AB-AF9A-47D1-9DA9-94D5AB573AC2}.RelWithDebInfo|x86.ActiveCfg = Release|Win32
		{8D538CBE-01BF-4A2E-A98A-6C368FDF13D7}.Debug|ARM64.ActiveCfg = Debug|x64
		{8D538CBE-01BF-4A2E-A98A-6C368FDF13D7}.Debug|x64.ActiveCfg = Debug|x64
		{8D538CBE-01BF-4A2E-A98A-6C368FDF13D7}.Debug|x64.Build.0 = Debug|x64
		{8D538CBE-01BF-4A2E-A98A-6C368FDF13D7}.Debug|x86.ActiveCfg = Debug|x64
		{8D538CBE-01BF-4A2E-A98A-6C368FDF13D7}.FuzzerDebug|ARM64.ActiveCfg = Debug|x64
		{8D538CBE-01BF-4A2E-A98A-6C368FDF13D7}.FuzzerDebug|x64.ActiveCfg = Debug|x64
		{8D538CBE-01BF-4A2E-A98A-6C368FDF13D7}.FuzzerDebug|x86.ActiveCfg = Debug|x64
		{8D538CBE-01BF-4A2E-A98A-6C368FDF13D7}.MinSizeRel|ARM64.ActiveCfg = MinSizeRel|x64
		{8D538CBE-01BF-4A2E-A98A-6C368FDF13D7}.MinSizeRel|x64.ActiveCfg = MinSizeRel|x64
		{8D538CBE-01BF-4A2E-A98A-6C368FDF13D7}.MinSizeRel|x64.Build.0 = MinSizeRel|x64
		{8D538CBE-01BF-4A2E-A98A-6C368FDF13D7}.MinSizeRel|x86.ActiveCfg = MinSizeRel|x64
		{8D538CBE-01BF-4A2E-A98A-6C368FDF13D7}.NativeOnlyDebug|ARM64.ActiveCfg = Debug|x64
		{8D538CBE-01BF-4A2E-A98A-6C368FDF13D7}.NativeOnlyDebug|x64.ActiveCfg = Debug|x64
		{8D538CBE-01BF-4A2E-A98A-6C368FDF13D7}.NativeOnlyDebug|x86.ActiveCfg = Debug|x64
		{8D538CBE-01BF-4A2E-A98A-6C368FDF13D7}.NativeOnlyRelease|ARM64.ActiveCfg = Release|x64
		{8D538CBE-01BF-4A2E-A98A-6C368FDF13D7}.NativeOnlyRelease|x64.ActiveCfg = Release|x64
		{8D538CBE-01BF-4A2E-A98A-6C368FDF13D7}.NativeOnlyRelease|x86.ActiveCfg = Release|x64
		{8D538CBE-01BF-4A2E-A98A-6C368FDF13D7}.Release|ARM64.ActiveCfg = Release|x64
		{8D538CBE-01BF-4A2E-A98A-6C368FDF13D7}.Release|x64.ActiveCfg = Release|x64
		{8D538CBE-01BF-4A2E-A98A-6C368FDF13D7}.Release|x64.Build.0 = Release|x64
		{8D538CBE-01BF-4A2E-A98A-6C368FDF13D7}.Release|x86.ActiveCfg = Release|x64
		{8D538CBE-01BF-4A2E-A98A-6C368FDF13D7}.RelWithDebInfo|ARM64.ActiveCfg = RelWithDebInfo|x64
		{8D538CBE-01BF-4A2E-A98A-6C368FDF13D7}.RelWithDebInfo|x64.ActiveCfg = RelWithDebInfo|x64
		{8D538CBE-01BF-4A2E-A98A-6C368FDF13D7}.RelWithDebInfo|x64.Build.0 = RelWithDebInfo|x64
		{8D538CBE-01BF-4A2E-A98A-6C368FDF13D7}.RelWithDebInfo|x86.ActiveCfg = RelWithDebInfo|x64
		{8BD3552A-2CFB-4A59-AB15-2031B97ADA1E}.Debug|ARM64.ActiveCfg = Debug|x64
		{8BD3552A-2CFB-4A59-AB15-2031B97ADA1E}.Debug|x64.ActiveCfg = Debug|x64
		{8BD3552A-2CFB-4A59-AB15-2031B97ADA1E}.Debug|x64.Build.0 = Debug|x64
		{8BD3552A-2CFB-4A59-AB15-2031B97ADA1E}.Debug|x86.ActiveCfg = Debug|x64
		{8BD3552A-2CFB-4A59-AB15-2031B97ADA1E}.FuzzerDebug|ARM64.ActiveCfg = Debug|x64
		{8BD3552A-2CFB-4A59-AB15-2031B97ADA1E}.FuzzerDebug|x64.ActiveCfg = Debug|x64
		{8BD3552A-2CFB-4A59-AB15-2031B97ADA1E}.FuzzerDebug|x86.ActiveCfg = Debug|x64
		{8BD3552A-2CFB-4A59-AB15-2031B97ADA1E}.MinSizeRel|ARM64.ActiveCfg = MinSizeRel|x64
		{8BD3552A-2CFB-4A59-AB15-2031B97ADA1E}.MinSizeRel|x64.ActiveCfg = MinSizeRel|x64
		{8BD3552A-2CFB-4A59-AB15-2031B97ADA1E}.MinSizeRel|x64.Build.0 = MinSizeRel|x64
		{8BD3552A-2CFB-4A59-AB15-2031B97ADA1E}.MinSizeRel|x86.ActiveCfg = MinSizeRel|x64
		{8BD3552A-2CFB-4A59-AB15-2031B97ADA1E}.NativeOnlyDebug|ARM64.ActiveCfg = Debug|x64
		{8BD3552A-2CFB-4A59-AB15-2031B97ADA1E}.NativeOnlyDebug|x64.ActiveCfg = Debug|x64
		{8BD3552A-2CFB-4A59-AB15-2031B97ADA1E}.NativeOnlyDebug|x86.ActiveCfg = Debug|x64
		{8BD3552A-2CFB-4A59-AB15-2031B97ADA1E}.NativeOnlyRelease|ARM64.ActiveCfg = Release|x64
		{8BD3552A-2CFB-4A59-AB15-2031B97ADA1E}.NativeOnlyRelease|x64.ActiveCfg = Release|x64
		{8BD3552A-2CFB-4A59-AB15-2031B97ADA1E}.NativeOnlyRelease|x86.ActiveCfg = Release|x64
		{8BD3552A-2CFB-4A59-AB15-2031B97ADA1E}.Release|ARM64.ActiveCfg = Release|x64
		{8BD3552A-2CFB-4A59-AB15-2031B97ADA1E}.Release|x64.ActiveCfg = Release|x64
		{8BD3552A-2CFB-4A59-AB15-2031B97ADA1E}.Release|x64.Build.0 = Release|x64
		{8BD3552A-2CFB-4A59-AB15-2031B97ADA1E}.Release|x86.ActiveCfg = Release|x64
		{8BD3552A-2CFB-4A59-AB15-2031B97ADA1E}.RelWithDebInfo|ARM64.ActiveCfg = RelWithDebInfo|x64
		{8BD3552A-2CFB-4A59-AB15-2031B97ADA1E}.RelWithDebInfo|x64.ActiveCfg = RelWithDebInfo|x64
		{8BD3552A-2CFB-4A59-AB15-2031B97ADA1E}.RelWithDebInfo|x64.Build.0 = RelWithDebInfo|x64
		{8BD3552A-2CFB-4A59-AB15-2031B97ADA1E}.RelWithDebInfo|x86.ActiveCfg = RelWithDebInfo|x64
	EndGlobalSection
	GlobalSection(SolutionProperties) = preSolution
		HideSolutionNode = FALSE
	EndGlobalSection
	GlobalSection(ExtensibilityGlobals) = postSolution
		SolutionGuid = {C3F4E56A-7D8B-4C9E-A1F2-3B5C6D7E8F9A}
	EndGlobalSection
EndGlobal
